{
  "version": 4,
  "terraform_version": "1.1.7",
  "serial": 4,
  "lineage": "57d3b873-7562-f0cd-6099-bfb06bd68245",
  "outputs": {},
  "resources": [
    {
      "module": "module.resource_group",
      "mode": "managed",
      "type": "azurerm_resource_group",
      "name": "rg",
      "provider": "provider[\"registry.terraform.io/hashicorp/azurerm\"]",
      "instances": [
        {
          "schema_version": 0,
          "attributes": {
            "id": "/subscriptions/5689355e-aace-4a52-afe4-c7f9d6ff4974/resourceGroups/rg_john",
            "location": "centralus",
            "name": "rg_john",
            "tags": null,
            "timeouts": null
          },
          "sensitive_attributes": [],
          "private": "eyJlMmJmYjczMC1lY2FhLTExZTYtOGY4OC0zNDM2M2JjN2M0YzAiOnsiY3JlYXRlIjo1NDAwMDAwMDAwMDAwLCJkZWxldGUiOjU0MDAwMDAwMDAwMDAsInJlYWQiOjMwMDAwMDAwMDAwMCwidXBkYXRlIjo1NDAwMDAwMDAwMDAwfX0="
        }
      ]
    },
    {
      "module": "module.vnet",
      "mode": "managed",
      "type": "azurerm_network_security_group",
      "name": "nsg_john",
      "provider": "provider[\"registry.terraform.io/hashicorp/azurerm\"]",
      "instances": [
        {
          "schema_version": 0,
          "attributes": {
            "id": "/subscriptions/5689355e-aace-4a52-afe4-c7f9d6ff4974/resourceGroups/rg_john/providers/Microsoft.Network/networkSecurityGroups/nsg_john",
            "location": "centralus",
            "name": "nsg_john",
            "resource_group_name": "rg_john",
            "security_rule": [],
            "tags": null,
            "timeouts": null
          },
          "sensitive_attributes": [],
          "private": "eyJlMmJmYjczMC1lY2FhLTExZTYtOGY4OC0zNDM2M2JjN2M0YzAiOnsiY3JlYXRlIjoxODAwMDAwMDAwMDAwLCJkZWxldGUiOjE4MDAwMDAwMDAwMDAsInJlYWQiOjMwMDAwMDAwMDAwMCwidXBkYXRlIjoxODAwMDAwMDAwMDAwfX0="
        }
      ]
    },
    {
      "module": "module.vnet",
      "mode": "managed",
      "type": "azurerm_virtual_network",
      "name": "vnetjohn",
      "provider": "provider[\"registry.terraform.io/hashicorp/azurerm\"]",
      "instances": [
        {
          "schema_version": 0,
          "attributes": {
            "address_space": [
              "10.0.0.0/16"
            ],
            "bgp_community": "",
            "ddos_protection_plan": [],
            "dns_servers": [
              "10.0.0.4",
              "10.0.0.5"
            ],
            "edge_zone": "",
            "flow_timeout_in_minutes": 0,
            "guid": "2d1f999b-437d-4831-a7c2-821e65f7e6a6",
            "id": "/subscriptions/5689355e-aace-4a52-afe4-c7f9d6ff4974/resourceGroups/rg_john/providers/Microsoft.Network/virtualNetworks/vnetjohn",
            "location": "centralus",
            "name": "vnetjohn",
            "resource_group_name": "rg_john",
            "subnet": [
              {
                "address_prefix": "10.0.2.0/24",
                "id": "/subscriptions/5689355e-aace-4a52-afe4-c7f9d6ff4974/resourceGroups/rg_john/providers/Microsoft.Network/virtualNetworks/vnetjohn/subnets/subnet1",
                "name": "subnet1",
                "security_group": "/subscriptions/5689355e-aace-4a52-afe4-c7f9d6ff4974/resourceGroups/rg_john/providers/Microsoft.Network/networkSecurityGroups/nsg_john"
              }
            ],
            "tags": {
              "environment": "AzureAcademy"
            },
            "timeouts": null
          },
          "sensitive_attributes": [],
          "private": "eyJlMmJmYjczMC1lY2FhLTExZTYtOGY4OC0zNDM2M2JjN2M0YzAiOnsiY3JlYXRlIjoxODAwMDAwMDAwMDAwLCJkZWxldGUiOjE4MDAwMDAwMDAwMDAsInJlYWQiOjMwMDAwMDAwMDAwMCwidXBkYXRlIjoxODAwMDAwMDAwMDAwfX0=",
          "dependencies": [
            "module.vnet.azurerm_network_security_group.nsg_john"
          ]
        }
      ]
    }
  ]
}
